
Microsoft Visual Studio Solution File, Format Version 12.00
# Visual Studio Version 16
VisualStudioVersion = 16.0.31229.75
MinimumVisualStudioVersion = 10.0.40219.1
Project("{FAE04EC0-301F-11D3-BF4B-00C04F79EFBC}") = "EITParcelDelivery", "EITParcelDelivery\EITParcelDelivery.csproj", "{A224E453-3699-4B44-8287-2DE27EB33278}"
EndProject
Project("{00D1A9C2-B5F0-4AF3-8072-F6C62B433612}") = "EITParcelDeliveryDB", "EITParcelDeliveryDB\EITParcelDeliveryDB.sqlproj", "{721B980E-A101-4378-B715-57346D468A3F}"
EndProject
Global
	GlobalSection(SolutionConfigurationPlatforms) = preSolution
		Debug|Any CPU = Debug|Any CPU
		Release|Any CPU = Release|Any CPU
	EndGlobalSection
	GlobalSection(ProjectConfigurationPlatforms) = postSolution
		{A224E453-3699-4B44-8287-2DE27EB33278}.Debug|Any CPU.ActiveCfg = Debug|Any CPU
		{A224E453-3699-4B44-8287-2DE27EB33278}.Debug|Any CPU.Build.0 = Debug|Any CPU
		{A224E453-3699-4B44-8287-2DE27EB33278}.Release|Any CPU.ActiveCfg = Release|Any CPU
		{A224E453-3699-4B44-8287-2DE27EB33278}.Release|Any CPU.Build.0 = Release|Any CPU
		{721B980E-A101-4378-B715-57346D468A3F}.Debug|Any CPU.ActiveCfg = Debug|Any CPU
		{721B980E-A101-4378-B715-57346D468A3F}.Debug|Any CPU.Build.0 = Debug|Any CPU
		{721B980E-A101-4378-B715-57346D468A3F}.Debug|Any CPU.Deploy.0 = Debug|Any CPU
		{721B980E-A101-4378-B715-57346D468A3F}.Release|Any CPU.ActiveCfg = Release|Any CPU
		{721B980E-A101-4378-B715-57346D468A3F}.Release|Any CPU.Build.0 = Release|Any CPU
		{721B980E-A101-4378-B715-57346D468A3F}.Release|Any CPU.Deploy.0 = Release|Any CPU
	EndGlobalSection
	GlobalSection(SolutionProperties) = preSolution
		HideSolutionNode = FALSE
	EndGlobalSection
	GlobalSection(ExtensibilityGlobals) = postSolution
		SolutionGuid = {B4F9F2D3-5B7E-48E3-B87B-EBFAEE8D0DF8}
	EndGlobalSection
EndGlobal
